// !$*UTF8*$!
{
	archiveVersion = 1;
	classes = {
	};
	objectVersion = 56;
	objects = {

/* Begin PBXBuildFile section */
		534147E12AA9DF90004B1F60 /* HomeView.swift in Sources */ = {isa = PBXBuildFile; fileRef = 534147E02AA9DF90004B1F60 /* HomeView.swift */; };
		53A53BE92AC4BCFF00500490 /* Note.swift in Sources */ = {isa = PBXBuildFile; fileRef = 53A53BE82AC4BCFE00500490 /* Note.swift */; };
		53D2DC292AA932BE00FC1C54 /* MomentoneApp.swift in Sources */ = {isa = PBXBuildFile; fileRef = 53D2DC282AA932BE00FC1C54 /* MomentoneApp.swift */; };
		53D2DC322AA932C000FC1C54 /* Assets.xcassets in Resources */ = {isa = PBXBuildFile; fileRef = 53D2DC312AA932C000FC1C54 /* Assets.xcassets */; };
		53D2DC362AA932C000FC1C54 /* Preview Assets.xcassets in Resources */ = {isa = PBXBuildFile; fileRef = 53D2DC352AA932C000FC1C54 /* Preview Assets.xcassets */; };
		53D2DC402AA932C000FC1C54 /* MomentoneTests.swift in Sources */ = {isa = PBXBuildFile; fileRef = 53D2DC3F2AA932C000FC1C54 /* MomentoneTests.swift */; };
		53D2DC4A2AA932C000FC1C54 /* MomentoneUITests.swift in Sources */ = {isa = PBXBuildFile; fileRef = 53D2DC492AA932C000FC1C54 /* MomentoneUITests.swift */; };
		53D2DC4C2AA932C000FC1C54 /* MomentoneUITestsLaunchTests.swift in Sources */ = {isa = PBXBuildFile; fileRef = 53D2DC4B2AA932C000FC1C54 /* MomentoneUITestsLaunchTests.swift */; };
		53F42B9D2AAA96F600B6904B /* ContentView.swift in Sources */ = {isa = PBXBuildFile; fileRef = 53F42B9C2AAA96F600B6904B /* ContentView.swift */; };
		53FD393E2AAB3E8000C055E2 /* EditView.swift in Sources */ = {isa = PBXBuildFile; fileRef = 53FD393D2AAB3E8000C055E2 /* EditView.swift */; };
/* End PBXBuildFile section */

/* Begin PBXContainerItemProxy section */
		53D2DC3C2AA932C000FC1C54 /* PBXContainerItemProxy */ = {
			isa = PBXContainerItemProxy;
			containerPortal = 53D2DC1D2AA932BE00FC1C54 /* Project object */;
			proxyType = 1;
			remoteGlobalIDString = 53D2DC242AA932BE00FC1C54;
			remoteInfo = Momentone;
		};
		53D2DC462AA932C000FC1C54 /* PBXContainerItemProxy */ = {
			isa = PBXContainerItemProxy;
			containerPortal = 53D2DC1D2AA932BE00FC1C54 /* Project object */;
			proxyType = 1;
			remoteGlobalIDString = 53D2DC242AA932BE00FC1C54;
			remoteInfo = Momentone;
		};
/* End PBXContainerItemProxy section */

/* Begin PBXFileReference section */
		534147E02AA9DF90004B1F60 /* HomeView.swift */ = {isa = PBXFileReference; lastKnownFileType = sourcecode.swift; path = HomeView.swift; sourceTree = "<group>"; };
		53A53BE82AC4BCFE00500490 /* Note.swift */ = {isa = PBXFileReference; lastKnownFileType = sourcecode.swift; path = Note.swift; sourceTree = "<group>"; };
		53D2DC252AA932BE00FC1C54 /* Momentone.app */ = {isa = PBXFileReference; explicitFileType = wrapper.application; includeInIndex = 0; path = Momentone.app; sourceTree = BUILT_PRODUCTS_DIR; };
		53D2DC282AA932BE00FC1C54 /* MomentoneApp.swift */ = {isa = PBXFileReference; lastKnownFileType = sourcecode.swift; path = MomentoneApp.swift; sourceTree = "<group>"; };
		53D2DC312AA932C000FC1C54 /* Assets.xcassets */ = {isa = PBXFileReference; lastKnownFileType = folder.assetcatalog; path = Assets.xcassets; sourceTree = "<group>"; };
		53D2DC332AA932C000FC1C54 /* Momentone.entitlements */ = {isa = PBXFileReference; lastKnownFileType = text.plist.entitlements; path = Momentone.entitlements; sourceTree = "<group>"; };
		53D2DC352AA932C000FC1C54 /* Preview Assets.xcassets */ = {isa = PBXFileReference; lastKnownFileType = folder.assetcatalog; path = "Preview Assets.xcassets"; sourceTree = "<group>"; };
		53D2DC3B2AA932C000FC1C54 /* MomentoneTests.xctest */ = {isa = PBXFileReference; explicitFileType = wrapper.cfbundle; includeInIndex = 0; path = MomentoneTests.xctest; sourceTree = BUILT_PRODUCTS_DIR; };
		53D2DC3F2AA932C000FC1C54 /* MomentoneTests.swift */ = {isa = PBXFileReference; lastKnownFileType = sourcecode.swift; path = MomentoneTests.swift; sourceTree = "<group>"; };
		53D2DC452AA932C000FC1C54 /* MomentoneUITests.xctest */ = {isa = PBXFileReference; explicitFileType = wrapper.cfbundle; includeInIndex = 0; path = MomentoneUITests.xctest; sourceTree = BUILT_PRODUCTS_DIR; };
		53D2DC492AA932C000FC1C54 /* MomentoneUITests.swift */ = {isa = PBXFileReference; lastKnownFileType = sourcecode.swift; path = MomentoneUITests.swift; sourceTree = "<group>"; };
		53D2DC4B2AA932C000FC1C54 /* MomentoneUITestsLaunchTests.swift */ = {isa = PBXFileReference; lastKnownFileType = sourcecode.swift; path = MomentoneUITestsLaunchTests.swift; sourceTree = "<group>"; };
		53F42B9C2AAA96F600B6904B /* ContentView.swift */ = {isa = PBXFileReference; lastKnownFileType = sourcecode.swift; path = ContentView.swift; sourceTree = "<group>"; };
		53FD393D2AAB3E8000C055E2 /* EditView.swift */ = {isa = PBXFileReference; lastKnownFileType = sourcecode.swift; path = EditView.swift; sourceTree = "<group>"; };
/* End PBXFileReference section */

/* Begin PBXFrameworksBuildPhase section */
		53D2DC222AA932BE00FC1C54 /* Frameworks */ = {
			isa = PBXFrameworksBuildPhase;
			buildActionMask = 2147483647;
			files = (
			);
			runOnlyForDeploymentPostprocessing = 0;
		};
		53D2DC382AA932C000FC1C54 /* Frameworks */ = {
			isa = PBXFrameworksBuildPhase;
			buildActionMask = 2147483647;
			files = (
			);
			runOnlyForDeploymentPostprocessing = 0;
		};
		53D2DC422AA932C000FC1C54 /* Frameworks */ = {
			isa = PBXFrameworksBuildPhase;
			buildActionMask = 2147483647;
			files = (
			);
			runOnlyForDeploymentPostprocessing = 0;
		};
/* End PBXFrameworksBuildPhase section */

/* Begin PBXGroup section */
		534147DC2AA9DF58004B1F60 /* Core */ = {
			isa = PBXGroup;
			children = (
				534147E22AA9E0CD004B1F60 /* Components */,
				534147DD2AA9DF69004B1F60 /* Home */,
				53F42BA22AAA9CEC00B6904B /* Edit */,
				53F42B9C2AAA96F600B6904B /* ContentView.swift */,
			);
			path = Core;
			sourceTree = "<group>";
		};
		534147DD2AA9DF69004B1F60 /* Home */ = {
			isa = PBXGroup;
			children = (
				534147DF2AA9DF78004B1F60 /* ViewModels */,
				534147DE2AA9DF70004B1F60 /* Views */,
			);
			path = Home;
			sourceTree = "<group>";
		};
		534147DE2AA9DF70004B1F60 /* Views */ = {
			isa = PBXGroup;
			children = (
				534147E02AA9DF90004B1F60 /* HomeView.swift */,
			);
			path = Views;
			sourceTree = "<group>";
		};
		534147DF2AA9DF78004B1F60 /* ViewModels */ = {
			isa = PBXGroup;
			children = (
			);
			path = ViewModels;
			sourceTree = "<group>";
		};
		534147E22AA9E0CD004B1F60 /* Components */ = {
			isa = PBXGroup;
			children = (
			);
			path = Components;
			sourceTree = "<group>";
		};
		534147E32AA9E32D004B1F60 /* Extensions */ = {
			isa = PBXGroup;
			children = (
			);
			path = Extensions;
			sourceTree = "<group>";
		};
		534147E42AA9E339004B1F60 /* Models */ = {
			isa = PBXGroup;
			children = (
				53A53BE82AC4BCFE00500490 /* Note.swift */,
			);
			path = Models;
			sourceTree = "<group>";
		};
		53D2DC1C2AA932BE00FC1C54 = {
			isa = PBXGroup;
			children = (
				53D2DC272AA932BE00FC1C54 /* Momentone */,
				53D2DC3E2AA932C000FC1C54 /* MomentoneTests */,
				53D2DC482AA932C000FC1C54 /* MomentoneUITests */,
				53D2DC262AA932BE00FC1C54 /* Products */,
			);
			sourceTree = "<group>";
		};
		53D2DC262AA932BE00FC1C54 /* Products */ = {
			isa = PBXGroup;
			children = (
				53D2DC252AA932BE00FC1C54 /* Momentone.app */,
				53D2DC3B2AA932C000FC1C54 /* MomentoneTests.xctest */,
				53D2DC452AA932C000FC1C54 /* MomentoneUITests.xctest */,
			);
			name = Products;
			sourceTree = "<group>";
		};
		53D2DC272AA932BE00FC1C54 /* Momentone */ = {
			isa = PBXGroup;
			children = (
				53D2DC282AA932BE00FC1C54 /* MomentoneApp.swift */,
				534147E32AA9E32D004B1F60 /* Extensions */,
				534147E42AA9E339004B1F60 /* Models */,
				534147DC2AA9DF58004B1F60 /* Core */,
				53D2DC312AA932C000FC1C54 /* Assets.xcassets */,
				53D2DC332AA932C000FC1C54 /* Momentone.entitlements */,
				53D2DC342AA932C000FC1C54 /* Preview Content */,
			);
			path = Momentone;
			sourceTree = "<group>";
		};
		53D2DC342AA932C000FC1C54 /* Preview Content */ = {
			isa = PBXGroup;
			children = (
				53D2DC352AA932C000FC1C54 /* Preview Assets.xcassets */,
			);
			path = "Preview Content";
			sourceTree = "<group>";
		};
		53D2DC3E2AA932C000FC1C54 /* MomentoneTests */ = {
			isa = PBXGroup;
			children = (
				53D2DC3F2AA932C000FC1C54 /* MomentoneTests.swift */,
			);
			path = MomentoneTests;
			sourceTree = "<group>";
		};
		53D2DC482AA932C000FC1C54 /* MomentoneUITests */ = {
			isa = PBXGroup;
			children = (
				53D2DC492AA932C000FC1C54 /* MomentoneUITests.swift */,
				53D2DC4B2AA932C000FC1C54 /* MomentoneUITestsLaunchTests.swift */,
			);
			path = MomentoneUITests;
			sourceTree = "<group>";
		};
		53F42BA22AAA9CEC00B6904B /* Edit */ = {
			isa = PBXGroup;
			children = (
				53F42BA32AAA9CFC00B6904B /* Views */,
			);
			path = Edit;
			sourceTree = "<group>";
		};
		53F42BA32AAA9CFC00B6904B /* Views */ = {
			isa = PBXGroup;
			children = (
				53FD393D2AAB3E8000C055E2 /* EditView.swift */,
			);
			path = Views;
			sourceTree = "<group>";
		};
/* End PBXGroup section */

/* Begin PBXNativeTarget section */
		53D2DC242AA932BE00FC1C54 /* Momentone */ = {
			isa = PBXNativeTarget;
			buildConfigurationList = 53D2DC4F2AA932C000FC1C54 /* Build configuration list for PBXNativeTarget "Momentone" */;
			buildPhases = (
				53D2DC212AA932BE00FC1C54 /* Sources */,
				53D2DC222AA932BE00FC1C54 /* Frameworks */,
				53D2DC232AA932BE00FC1C54 /* Resources */,
			);
			buildRules = (
			);
			dependencies = (
			);
			name = Momentone;
			productName = Momentone;
			productReference = 53D2DC252AA932BE00FC1C54 /* Momentone.app */;
			productType = "com.apple.product-type.application";
		};
		53D2DC3A2AA932C000FC1C54 /* MomentoneTests */ = {
			isa = PBXNativeTarget;
			buildConfigurationList = 53D2DC522AA932C000FC1C54 /* Build configuration list for PBXNativeTarget "MomentoneTests" */;
			buildPhases = (
				53D2DC372AA932C000FC1C54 /* Sources */,
				53D2DC382AA932C000FC1C54 /* Frameworks */,
				53D2DC392AA932C000FC1C54 /* Resources */,
			);
			buildRules = (
			);
			dependencies = (
				53D2DC3D2AA932C000FC1C54 /* PBXTargetDependency */,
			);
			name = MomentoneTests;
			productName = MomentoneTests;
			productReference = 53D2DC3B2AA932C000FC1C54 /* MomentoneTests.xctest */;
			productType = "com.apple.product-type.bundle.unit-test";
		};
		53D2DC442AA932C000FC1C54 /* MomentoneUITests */ = {
			isa = PBXNativeTarget;
			buildConfigurationList = 53D2DC552AA932C000FC1C54 /* Build configuration list for PBXNativeTarget "MomentoneUITests" */;
			buildPhases = (
				53D2DC412AA932C000FC1C54 /* Sources */,
				53D2DC422AA932C000FC1C54 /* Frameworks */,
				53D2DC432AA932C000FC1C54 /* Resources */,
			);
			buildRules = (
			);
			dependencies = (
				53D2DC472AA932C000FC1C54 /* PBXTargetDependency */,
			);
			name = MomentoneUITests;
			productName = MomentoneUITests;
			productReference = 53D2DC452AA932C000FC1C54 /* MomentoneUITests.xctest */;
			productType = "com.apple.product-type.bundle.ui-testing";
		};
/* End PBXNativeTarget section */

/* Begin PBXProject section */
		53D2DC1D2AA932BE00FC1C54 /* Project object */ = {
			isa = PBXProject;
			attributes = {
				BuildIndependentTargetsInParallel = 1;
				LastSwiftUpdateCheck = 1430;
				LastUpgradeCheck = 1430;
				TargetAttributes = {
					53D2DC242AA932BE00FC1C54 = {
						CreatedOnToolsVersion = 14.3.1;
					};
					53D2DC3A2AA932C000FC1C54 = {
						CreatedOnToolsVersion = 14.3.1;
						TestTargetID = 53D2DC242AA932BE00FC1C54;
					};
					53D2DC442AA932C000FC1C54 = {
						CreatedOnToolsVersion = 14.3.1;
						TestTargetID = 53D2DC242AA932BE00FC1C54;
					};
				};
			};
			buildConfigurationList = 53D2DC202AA932BE00FC1C54 /* Build configuration list for PBXProject "Momentone" */;
			compatibilityVersion = "Xcode 14.0";
			developmentRegion = en;
			hasScannedForEncodings = 0;
			knownRegions = (
				en,
				Base,
			);
			mainGroup = 53D2DC1C2AA932BE00FC1C54;
			productRefGroup = 53D2DC262AA932BE00FC1C54 /* Products */;
			projectDirPath = "";
			projectRoot = "";
			targets = (
				53D2DC242AA932BE00FC1C54 /* Momentone */,
				53D2DC3A2AA932C000FC1C54 /* MomentoneTests */,
				53D2DC442AA932C000FC1C54 /* MomentoneUITests */,
			);
		};
/* End PBXProject section */

/* Begin PBXResourcesBuildPhase section */
		53D2DC232AA932BE00FC1C54 /* Resources */ = {
			isa = PBXResourcesBuildPhase;
			buildActionMask = 2147483647;
			files = (
				53D2DC362AA932C000FC1C54 /* Preview Assets.xcassets in Resources */,
				53D2DC322AA932C000FC1C54 /* Assets.xcassets in Resources */,
			);
			runOnlyForDeploymentPostprocessing = 0;
		};
		53D2DC392AA932C000FC1C54 /* Resources */ = {
			isa = PBXResourcesBuildPhase;
			buildActionMask = 2147483647;
			files = (
			);
			runOnlyForDeploymentPostprocessing = 0;
		};
		53D2DC432AA932C000FC1C54 /* Resources */ = {
			isa = PBXResourcesBuildPhase;
			buildActionMask = 2147483647;
			files = (
			);
			runOnlyForDeploymentPostprocessing = 0;
		};
/* End PBXResourcesBuildPhase section */

/* Begin PBXSourcesBuildPhase section */
		53D2DC212AA932BE00FC1C54 /* Sources */ = {
			isa = PBXSourcesBuildPhase;
			buildActionMask = 2147483647;
			files = (
				53D2DC292AA932BE00FC1C54 /* MomentoneApp.swift in Sources */,
				53FD393E2AAB3E8000C055E2 /* EditView.swift in Sources */,
				53F42B9D2AAA96F600B6904B /* ContentView.swift in Sources */,
				53A53BE92AC4BCFF00500490 /* Note.swift in Sources */,
				534147E12AA9DF90004B1F60 /* HomeView.swift in Sources */,
			);
			runOnlyForDeploymentPostprocessing = 0;
		};
		53D2DC372AA932C000FC1C54 /* Sources */ = {
			isa = PBXSourcesBuildPhase;
			buildActionMask = 2147483647;
			files = (
				53D2DC402AA932C000FC1C54 /* MomentoneTests.swift in Sources */,
			);
			runOnlyForDeploymentPostprocessing = 0;
		};
		53D2DC412AA932C000FC1C54 /* Sources */ = {
			isa = PBXSourcesBuildPhase;
			buildActionMask = 2147483647;
			files = (
				53D2DC4A2AA932C000FC1C54 /* MomentoneUITests.swift in Sources */,
				53D2DC4C2AA932C000FC1C54 /* MomentoneUITestsLaunchTests.swift in Sources */,
			);
			runOnlyForDeploymentPostprocessing = 0;
		};
/* End PBXSourcesBuildPhase section */

/* Begin PBXTargetDependency section */
		53D2DC3D2AA932C000FC1C54 /* PBXTargetDependency */ = {
			isa = PBXTargetDependency;
			target = 53D2DC242AA932BE00FC1C54 /* Momentone */;
			targetProxy = 53D2DC3C2AA932C000FC1C54 /* PBXContainerItemProxy */;
		};
		53D2DC472AA932C000FC1C54 /* PBXTargetDependency */ = {
			isa = PBXTargetDependency;
			target = 53D2DC242AA932BE00FC1C54 /* Momentone */;
			targetProxy = 53D2DC462AA932C000FC1C54 /* PBXContainerItemProxy */;
		};
/* End PBXTargetDependency section */

/* Begin XCBuildConfiguration section */
		53D2DC4D2AA932C000FC1C54 /* Debug */ = {
			isa = XCBuildConfiguration;
			buildSettings = {
				ALWAYS_SEARCH_USER_PATHS = NO;
				CLANG_ANALYZER_NONNULL = YES;
				CLANG_ANALYZER_NUMBER_OBJECT_CONVERSION = YES_AGGRESSIVE;
				CLANG_CXX_LANGUAGE_STANDARD = "gnu++20";
				CLANG_ENABLE_MODULES = YES;
				CLANG_ENABLE_OBJC_ARC = YES;
				CLANG_ENABLE_OBJC_WEAK = YES;
				CLANG_WARN_BLOCK_CAPTURE_AUTORELEASING = YES;
				CLANG_WARN_BOOL_CONVERSION = YES;
				CLANG_WARN_COMMA = YES;
				CLANG_WARN_CONSTANT_CONVERSION = YES;
				CLANG_WARN_DEPRECATED_OBJC_IMPLEMENTATIONS = YES;
				CLANG_WARN_DIRECT_OBJC_ISA_USAGE = YES_ERROR;
				CLANG_WARN_DOCUMENTATION_COMMENTS = YES;
				CLANG_WARN_EMPTY_BODY = YES;
				CLANG_WARN_ENUM_CONVERSION = YES;
				CLANG_WARN_INFINITE_RECURSION = YES;
				CLANG_WARN_INT_CONVERSION = YES;
				CLANG_WARN_NON_LITERAL_NULL_CONVERSION = YES;
				CLANG_WARN_OBJC_IMPLICIT_RETAIN_SELF = YES;
				CLANG_WARN_OBJC_LITERAL_CONVERSION = YES;
				CLANG_WARN_OBJC_ROOT_CLASS = YES_ERROR;
				CLANG_WARN_QUOTED_INCLUDE_IN_FRAMEWORK_HEADER = YES;
				CLANG_WARN_RANGE_LOOP_ANALYSIS = YES;
				CLANG_WARN_STRICT_PROTOTYPES = YES;
				CLANG_WARN_SUSPICIOUS_MOVE = YES;
				CLANG_WARN_UNGUARDED_AVAILABILITY = YES_AGGRESSIVE;
				CLANG_WARN_UNREACHABLE_CODE = YES;
				CLANG_WARN__DUPLICATE_METHOD_MATCH = YES;
				COPY_PHASE_STRIP = NO;
				DEBUG_INFORMATION_FORMAT = dwarf;
				ENABLE_STRICT_OBJC_MSGSEND = YES;
				ENABLE_TESTABILITY = YES;
				GCC_C_LANGUAGE_STANDARD = gnu11;
				GCC_DYNAMIC_NO_PIC = NO;
				GCC_NO_COMMON_BLOCKS = YES;
				GCC_OPTIMIZATION_LEVEL = 0;
				GCC_PREPROCESSOR_DEFINITIONS = (
					"DEBUG=1",
					"$(inherited)",
				);
				GCC_WARN_64_TO_32_BIT_CONVERSION = YES;
				GCC_WARN_ABOUT_RETURN_TYPE = YES_ERROR;
				GCC_WARN_UNDECLARED_SELECTOR = YES;
				GCC_WARN_UNINITIALIZED_AUTOS = YES_AGGRESSIVE;
				GCC_WARN_UNUSED_FUNCTION = YES;
				GCC_WARN_UNUSED_VARIABLE = YES;
				IPHONEOS_DEPLOYMENT_TARGET = 17.0;
				MTL_ENABLE_DEBUG_INFO = INCLUDE_SOURCE;
				MTL_FAST_MATH = YES;
				ONLY_ACTIVE_ARCH = YES;
				SWIFT_ACTIVE_COMPILATION_CONDITIONS = DEBUG;
				SWIFT_OPTIMIZATION_LEVEL = "-Onone";
			};
			name = Debug;
		};
		53D2DC4E2AA932C000FC1C54 /* Release */ = {
			isa = XCBuildConfiguration;
			buildSettings = {
				ALWAYS_SEARCH_USER_PATHS = NO;
				CLANG_ANALYZER_NONNULL = YES;
				CLANG_ANALYZER_NUMBER_OBJECT_CONVERSION = YES_AGGRESSIVE;
				CLANG_CXX_LANGUAGE_STANDARD = "gnu++20";
				CLANG_ENABLE_MODULES = YES;
				CLANG_ENABLE_OBJC_ARC = YES;
				CLANG_ENABLE_OBJC_WEAK = YES;
				CLANG_WARN_BLOCK_CAPTURE_AUTORELEASING = YES;
				CLANG_WARN_BOOL_CONVERSION = YES;
				CLANG_WARN_COMMA = YES;
				CLANG_WARN_CONSTANT_CONVERSION = YES;
				CLANG_WARN_DEPRECATED_OBJC_IMPLEMENTATIONS = YES;
				CLANG_WARN_DIRECT_OBJC_ISA_USAGE = YES_ERROR;
				CLANG_WARN_DOCUMENTATION_COMMENTS = YES;
				CLANG_WARN_EMPTY_BODY = YES;
				CLANG_WARN_ENUM_CONVERSION = YES;
				CLANG_WARN_INFINITE_RECURSION = YES;
				CLANG_WARN_INT_CONVERSION = YES;
				CLANG_WARN_NON_LITERAL_NULL_CONVERSION = YES;
				CLANG_WARN_OBJC_IMPLICIT_RETAIN_SELF = YES;
				CLANG_WARN_OBJC_LITERAL_CONVERSION = YES;
				CLANG_WARN_OBJC_ROOT_CLASS = YES_ERROR;
				CLANG_WARN_QUOTED_INCLUDE_IN_FRAMEWORK_HEADER = YES;
				CLANG_WARN_RANGE_LOOP_ANALYSIS = YES;
				CLANG_WARN_STRICT_PROTOTYPES = YES;
				CLANG_WARN_SUSPICIOUS_MOVE = YES;
				CLANG_WARN_UNGUARDED_AVAILABILITY = YES_AGGRESSIVE;
				CLANG_WARN_UNREACHABLE_CODE = YES;
				CLANG_WARN__DUPLICATE_METHOD_MATCH = YES;
				COPY_PHASE_STRIP = NO;
				DEBUG_INFORMATION_FORMAT = "dwarf-with-dsym";
				ENABLE_NS_ASSERTIONS = NO;
				ENABLE_STRICT_OBJC_MSGSEND = YES;
				GCC_C_LANGUAGE_STANDARD = gnu11;
				GCC_NO_COMMON_BLOCKS = YES;
				GCC_WARN_64_TO_32_BIT_CONVERSION = YES;
				GCC_WARN_ABOUT_RETURN_TYPE = YES_ERROR;
				GCC_WARN_UNDECLARED_SELECTOR = YES;
				GCC_WARN_UNINITIALIZED_AUTOS = YES_AGGRESSIVE;
				GCC_WARN_UNUSED_FUNCTION = YES;
				GCC_WARN_UNUSED_VARIABLE = YES;
				IPHONEOS_DEPLOYMENT_TARGET = 17.0;
				MTL_ENABLE_DEBUG_INFO = NO;
				MTL_FAST_MATH = YES;
				SWIFT_COMPILATION_MODE = wholemodule;
				SWIFT_OPTIMIZATION_LEVEL = "-O";
			};
			name = Release;
		};
		53D2DC502AA932C000FC1C54 /* Debug */ = {
			isa = XCBuildConfiguration;
			buildSettings = {
				ASSETCATALOG_COMPILER_APPICON_NAME = AppIcon;
				ASSETCATALOG_COMPILER_GLOBAL_ACCENT_COLOR_NAME = AccentColor;
				CODE_SIGN_ENTITLEMENTS = Momentone/Momentone.entitlements;
				CODE_SIGN_STYLE = Automatic;
				CURRENT_PROJECT_VERSION = 4;
				DEVELOPMENT_ASSET_PATHS = "\"Momentone/Preview Content\"";
				DEVELOPMENT_TEAM = 2G65FHL8TB;
				ENABLE_HARDENED_RUNTIME = YES;
				ENABLE_PREVIEWS = YES;
				GENERATE_INFOPLIST_FILE = YES;
				INFOPLIST_KEY_CFBundleDisplayName = Momentone;
				INFOPLIST_KEY_LSApplicationCategoryType = "public.app-category.productivity";
				"INFOPLIST_KEY_UIApplicationSceneManifest_Generation[sdk=iphoneos*]" = YES;
				"INFOPLIST_KEY_UIApplicationSceneManifest_Generation[sdk=iphonesimulator*]" = YES;
				"INFOPLIST_KEY_UIApplicationSupportsIndirectInputEvents[sdk=iphoneos*]" = YES;
				"INFOPLIST_KEY_UIApplicationSupportsIndirectInputEvents[sdk=iphonesimulator*]" = YES;
				"INFOPLIST_KEY_UILaunchScreen_Generation[sdk=iphoneos*]" = YES;
				"INFOPLIST_KEY_UILaunchScreen_Generation[sdk=iphonesimulator*]" = YES;
				"INFOPLIST_KEY_UIStatusBarStyle[sdk=iphoneos*]" = UIStatusBarStyleDefault;
				"INFOPLIST_KEY_UIStatusBarStyle[sdk=iphonesimulator*]" = UIStatusBarStyleDefault;
				INFOPLIST_KEY_UISupportedInterfaceOrientations_iPad = "UIInterfaceOrientationPortrait UIInterfaceOrientationPortraitUpsideDown UIInterfaceOrientationLandscapeLeft UIInterfaceOrientationLandscapeRight";
				INFOPLIST_KEY_UISupportedInterfaceOrientations_iPhone = "UIInterfaceOrientationPortrait UIInterfaceOrientationLandscapeLeft UIInterfaceOrientationLandscapeRight";
				IPHONEOS_DEPLOYMENT_TARGET = 17.0;
				LD_RUNPATH_SEARCH_PATHS = "@executable_path/Frameworks";
				"LD_RUNPATH_SEARCH_PATHS[sdk=macosx*]" = "@executable_path/../Frameworks";
				MACOSX_DEPLOYMENT_TARGET = 13.3;
				MARKETING_VERSION = 1.0;
				PRODUCT_BUNDLE_IDENTIFIER = com.dleegan.Momentone;
				PRODUCT_NAME = "$(TARGET_NAME)";
				SDKROOT = auto;
				SUPPORTED_PLATFORMS = "iphonesimulator iphoneos";
				SWIFT_EMIT_LOC_STRINGS = YES;
				SWIFT_VERSION = 5.0;
				TARGETED_DEVICE_FAMILY = "1,2";
			};
			name = Debug;
		};
		53D2DC512AA932C000FC1C54 /* Release */ = {
			isa = XCBuildConfiguration;
			buildSettings = {
				ASSETCATALOG_COMPILER_APPICON_NAME = AppIcon;
				ASSETCATALOG_COMPILER_GLOBAL_ACCENT_COLOR_NAME = AccentColor;
				CODE_SIGN_ENTITLEMENTS = Momentone/Momentone.entitlements;
				CODE_SIGN_STYLE = Automatic;
				CURRENT_PROJECT_VERSION = 4;
				DEVELOPMENT_ASSET_PATHS = "\"Momentone/Preview Content\"";
				DEVELOPMENT_TEAM = 2G65FHL8TB;
				ENABLE_HARDENED_RUNTIME = YES;
				ENABLE_PREVIEWS = YES;
				GENERATE_INFOPLIST_FILE = YES;
				INFOPLIST_KEY_CFBundleDisplayName = Momentone;
				INFOPLIST_KEY_LSApplicationCategoryType = "public.app-category.productivity";
				"INFOPLIST_KEY_UIApplicationSceneManifest_Generation[sdk=iphoneos*]" = YES;
				"INFOPLIST_KEY_UIApplicationSceneManifest_Generation[sdk=iphonesimulator*]" = YES;
				"INFOPLIST_KEY_UIApplicationSupportsIndirectInputEvents[sdk=iphoneos*]" = YES;
				"INFOPLIST_KEY_UIApplicationSupportsIndirectInputEvents[sdk=iphonesimulator*]" = YES;
				"INFOPLIST_KEY_UILaunchScreen_Generation[sdk=iphoneos*]" = YES;
				"INFOPLIST_KEY_UILaunchScreen_Generation[sdk=iphonesimulator*]" = YES;
				"INFOPLIST_KEY_UIStatusBarStyle[sdk=iphoneos*]" = UIStatusBarStyleDefault;
				"INFOPLIST_KEY_UIStatusBarStyle[sdk=iphonesimulator*]" = UIStatusBarStyleDefault;
				INFOPLIST_KEY_UISupportedInterfaceOrientations_iPad = "UIInterfaceOrientationPortrait UIInterfaceOrientationPortraitUpsideDown UIInterfaceOrientationLandscapeLeft UIInterfaceOrientationLandscapeRight";
				INFOPLIST_KEY_UISupportedInterfaceOrientations_iPhone = "UIInterfaceOrientationPortrait UIInterfaceOrientationLandscapeLeft UIInterfaceOrientationLandscapeRight";
				IPHONEOS_DEPLOYMENT_TARGET = 17.0;
				LD_RUNPATH_SEARCH_PATHS = "@executable_path/Frameworks";
				"LD_RUNPATH_SEARCH_PATHS[sdk=macosx*]" = "@executable_path/../Frameworks";
				MACOSX_DEPLOYMENT_TARGET = 13.3;
				MARKETING_VERSION = 1.0;
				PRODUCT_BUNDLE_IDENTIFIER = com.dleegan.Momentone;
				PRODUCT_NAME = "$(TARGET_NAME)";
				SDKROOT = auto;
				SUPPORTED_PLATFORMS = "iphonesimulator iphoneos";
				SWIFT_EMIT_LOC_STRINGS = YES;
				SWIFT_VERSION = 5.0;
				TARGETED_DEVICE_FAMILY = "1,2";
			};
			name = Release;
		};
		53D2DC532AA932C000FC1C54 /* Debug */ = {
			isa = XCBuildConfiguration;
			buildSettings = {
				ALWAYS_EMBED_SWIFT_STANDARD_LIBRARIES = YES;
				BUNDLE_LOADER = "$(TEST_HOST)";
				CODE_SIGN_STYLE = Automatic;
				CURRENT_PROJECT_VERSION = 1;
				DEVELOPMENT_TEAM = 2G65FHL8TB;
				GENERATE_INFOPLIST_FILE = YES;
				IPHONEOS_DEPLOYMENT_TARGET = 16.4;
				MACOSX_DEPLOYMENT_TARGET = 13.3;
				MARKETING_VERSION = 1.0;
				PRODUCT_BUNDLE_IDENTIFIER = com.dleegan.MomentoneTests;
				PRODUCT_NAME = "$(TARGET_NAME)";
				SDKROOT = auto;
				SUPPORTED_PLATFORMS = "iphoneos iphonesimulator macosx";
				SWIFT_EMIT_LOC_STRINGS = NO;
				SWIFT_VERSION = 5.0;
				TARGETED_DEVICE_FAMILY = "1,2";
				TEST_HOST = "$(BUILT_PRODUCTS_DIR)/Momentone.app/$(BUNDLE_EXECUTABLE_FOLDER_PATH)/Momentone";
			};
			name = Debug;
		};
		53D2DC542AA932C000FC1C54 /* Release */ = {
			isa = XCBuildConfiguration;
			buildSettings = {
				ALWAYS_EMBED_SWIFT_STANDARD_LIBRARIES = YES;
				BUNDLE_LOADER = "$(TEST_HOST)";
				CODE_SIGN_STYLE = Automatic;
				CURRENT_PROJECT_VERSION = 1;
				DEVELOPMENT_TEAM = 2G65FHL8TB;
				GENERATE_INFOPLIST_FILE = YES;
				IPHONEOS_DEPLOYMENT_TARGET = 16.4;
				MACOSX_DEPLOYMENT_TARGET = 13.3;
				MARKETING_VERSION = 1.0;
				PRODUCT_BUNDLE_IDENTIFIER = com.dleegan.MomentoneTests;
				PRODUCT_NAME = "$(TARGET_NAME)";
				SDKROOT = auto;
				SUPPORTED_PLATFORMS = "iphoneos iphonesimulator macosx";
				SWIFT_EMIT_LOC_STRINGS = NO;
				SWIFT_VERSION = 5.0;
				TARGETED_DEVICE_FAMILY = "1,2";
				TEST_HOST = "$(BUILT_PRODUCTS_DIR)/Momentone.app/$(BUNDLE_EXECUTABLE_FOLDER_PATH)/Momentone";
			};
			name = Release;
		};
		53D2DC562AA932C000FC1C54 /* Debug */ = {
			isa = XCBuildConfiguration;
			buildSettings = {
				ALWAYS_EMBED_SWIFT_STANDARD_LIBRARIES = YES;
				CODE_SIGN_STYLE = Automatic;
				CURRENT_PROJECT_VERSION = 1;
				DEVELOPMENT_TEAM = 2G65FHL8TB;
				GENERATE_INFOPLIST_FILE = YES;
				IPHONEOS_DEPLOYMENT_TARGET = 16.4;
				MACOSX_DEPLOYMENT_TARGET = 13.3;
				MARKETING_VERSION = 1.0;
				PRODUCT_BUNDLE_IDENTIFIER = com.dleegan.MomentoneUITests;
				PRODUCT_NAME = "$(TARGET_NAME)";
				SDKROOT = auto;
				SUPPORTED_PLATFORMS = "iphoneos iphonesimulator macosx";
				SWIFT_EMIT_LOC_STRINGS = NO;
				SWIFT_VERSION = 5.0;
				TARGETED_DEVICE_FAMILY = "1,2";
				TEST_TARGET_NAME = Momentone;
			};
			name = Debug;
		};
		53D2DC572AA932C000FC1C54 /* Release */ = {
			isa = XCBuildConfiguration;
			buildSettings = {
				ALWAYS_EMBED_SWIFT_STANDARD_LIBRARIES = YES;
				CODE_SIGN_STYLE = Automatic;
				CURRENT_PROJECT_VERSION = 1;
				DEVELOPMENT_TEAM = 2G65FHL8TB;
				GENERATE_INFOPLIST_FILE = YES;
				IPHONEOS_DEPLOYMENT_TARGET = 16.4;
				MACOSX_DEPLOYMENT_TARGET = 13.3;
				MARKETING_VERSION = 1.0;
				PRODUCT_BUNDLE_IDENTIFIER = com.dleegan.MomentoneUITests;
				PRODUCT_NAME = "$(TARGET_NAME)";
				SDKROOT = auto;
				SUPPORTED_PLATFORMS = "iphoneos iphonesimulator macosx";
				SWIFT_EMIT_LOC_STRINGS = NO;
				SWIFT_VERSION = 5.0;
				TARGETED_DEVICE_FAMILY = "1,2";
				TEST_TARGET_NAME = Momentone;
			};
			name = Release;
		};
/* End XCBuildConfiguration section */

/* Begin XCConfigurationList section */
		53D2DC202AA932BE00FC1C54 /* Build configuration list for PBXProject "Momentone" */ = {
			isa = XCConfigurationList;
			buildConfigurations = (
				53D2DC4D2AA932C000FC1C54 /* Debug */,
				53D2DC4E2AA932C000FC1C54 /* Release */,
			);
			defaultConfigurationIsVisible = 0;
			defaultConfigurationName = Release;
		};
		53D2DC4F2AA932C000FC1C54 /* Build configuration list for PBXNativeTarget "Momentone" */ = {
			isa = XCConfigurationList;
			buildConfigurations = (
				53D2DC502AA932C000FC1C54 /* Debug */,
				53D2DC512AA932C000FC1C54 /* Release */,
			);
			defaultConfigurationIsVisible = 0;
			defaultConfigurationName = Release;
		};
		53D2DC522AA932C000FC1C54 /* Build configuration list for PBXNativeTarget "MomentoneTests" */ = {
			isa = XCConfigurationList;
			buildConfigurations = (
				53D2DC532AA932C000FC1C54 /* Debug */,
				53D2DC542AA932C000FC1C54 /* Release */,
			);
			defaultConfigurationIsVisible = 0;
			defaultConfigurationName = Release;
		};
		53D2DC552AA932C000FC1C54 /* Build configuration list for PBXNativeTarget "MomentoneUITests" */ = {
			isa = XCConfigurationList;
			buildConfigurations = (
				53D2DC562AA932C000FC1C54 /* Debug */,
				53D2DC572AA932C000FC1C54 /* Release */,
			);
			defaultConfigurationIsVisible = 0;
			defaultConfigurationName = Release;
		};
/* End XCConfigurationList section */
	};
	rootObject = 53D2DC1D2AA932BE00FC1C54 /* Project object */;
}
